
Microsoft Visual Studio Solution File, Format Version 12.00
# Visual Studio 15
VisualStudioVersion = 15.0.28010.2046
MinimumVisualStudioVersion = 10.0.40219.1
Project("{FAE04EC0-301F-11D3-BF4B-00C04F79EFBC}") = "kiko-chat-client-gui", "kiko-chat-client-gui\kiko-chat-client-gui.csproj", "{0AC83162-4EE8-479D-B9DF-DD318AAE5D0D}"
EndProject
Project("{FAE04EC0-301F-11D3-BF4B-00C04F79EFBC}") = "kiko-chat-contracts", "kiko-chat-contracts\kiko-chat-contracts.csproj", "{3CA24B07-DB59-4CD5-AED3-358F0E7470B3}"
EndProject
Project("{FAE04EC0-301F-11D3-BF4B-00C04F79EFBC}") = "kiko-chat-server-console", "kiko-chat-server-console\kiko-chat-server-console.csproj", "{10445CDD-631E-425B-AAF6-6F046C41A677}"
EndProject
Global
	GlobalSection(SolutionConfigurationPlatforms) = preSolution
		Debug|Any CPU = Debug|Any CPU
		Release|Any CPU = Release|Any CPU
	EndGlobalSection
	GlobalSection(ProjectConfigurationPlatforms) = postSolution
		{0AC83162-4EE8-479D-B9DF-DD318AAE5D0D}.Debug|Any CPU.ActiveCfg = Debug|Any CPU
		{0AC83162-4EE8-479D-B9DF-DD318AAE5D0D}.Debug|Any CPU.Build.0 = Debug|Any CPU
		{0AC83162-4EE8-479D-B9DF-DD318AAE5D0D}.Release|Any CPU.ActiveCfg = Release|Any CPU
		{0AC83162-4EE8-479D-B9DF-DD318AAE5D0D}.Release|Any CPU.Build.0 = Release|Any CPU
		{3CA24B07-DB59-4CD5-AED3-358F0E7470B3}.Debug|Any CPU.ActiveCfg = Debug|Any CPU
		{3CA24B07-DB59-4CD5-AED3-358F0E7470B3}.Debug|Any CPU.Build.0 = Debug|Any CPU
		{3CA24B07-DB59-4CD5-AED3-358F0E7470B3}.Release|Any CPU.ActiveCfg = Release|Any CPU
		{3CA24B07-DB59-4CD5-AED3-358F0E7470B3}.Release|Any CPU.Build.0 = Release|Any CPU
		{10445CDD-631E-425B-AAF6-6F046C41A677}.Debug|Any CPU.ActiveCfg = Debug|Any CPU
		{10445CDD-631E-425B-AAF6-6F046C41A677}.Debug|Any CPU.Build.0 = Debug|Any CPU
		{10445CDD-631E-425B-AAF6-6F046C41A677}.Release|Any CPU.ActiveCfg = Release|Any CPU
		{10445CDD-631E-425B-AAF6-6F046C41A677}.Release|Any CPU.Build.0 = Release|Any CPU
	EndGlobalSection
	GlobalSection(SolutionProperties) = preSolution
		HideSolutionNode = FALSE
	EndGlobalSection
	GlobalSection(ExtensibilityGlobals) = postSolution
		SolutionGuid = {FC982599-4395-4105-A8AD-554163D074B5}
	EndGlobalSection
EndGlobal
